
Microsoft Visual Studio Solution File, Format Version 12.00
# Visual Studio Version 16
VisualStudioVersion = 16.0.30907.101
MinimumVisualStudioVersion = 10.0.40219.1
Project("{FAE04EC0-301F-11D3-BF4B-00C04F79EFBC}") = "ClassMethodDeto", "ClassMethodDeto\ClassMethodDeto.csproj", "{38E4EAAE-6F5D-4F4D-B677-CD4316ADD0BE}"
EndProject
Global
	GlobalSection(SolutionConfigurationPlatforms) = preSolution
		Debug|Any CPU = Debug|Any CPU
		Release|Any CPU = Release|Any CPU
	EndGlobalSection
	GlobalSection(ProjectConfigurationPlatforms) = postSolution
		{38E4EAAE-6F5D-4F4D-B677-CD4316ADD0BE}.Debug|Any CPU.ActiveCfg = Debug|Any CPU
		{38E4EAAE-6F5D-4F4D-B677-CD4316ADD0BE}.Debug|Any CPU.Build.0 = Debug|Any CPU
		{38E4EAAE-6F5D-4F4D-B677-CD4316ADD0BE}.Release|Any CPU.ActiveCfg = Release|Any CPU
		{38E4EAAE-6F5D-4F4D-B677-CD4316ADD0BE}.Release|Any CPU.Build.0 = Release|Any CPU
	EndGlobalSection
	GlobalSection(SolutionProperties) = preSolution
		HideSolutionNode = FALSE
	EndGlobalSection
	GlobalSection(ExtensibilityGlobals) = postSolution
		SolutionGuid = {633B00E9-7603-4045-82F6-07F3C12A9217}
	EndGlobalSection
EndGlobal
